
Microsoft Visual Studio Solution File, Format Version 12.00
# Visual Studio Version 17
VisualStudioVersion = 17.5.002.0
MinimumVisualStudioVersion = 10.0.40219.1
Project("{9A19103F-16F7-4668-BE54-9A1E7A4F7556}") = "back_project", "back_project.csproj", "{2A59A678-25AE-4184-82AB-C154B0B246FF}"
EndProject
Global
	GlobalSection(SolutionConfigurationPlatforms) = preSolution
		Debug|Any CPU = Debug|Any CPU
		Release|Any CPU = Release|Any CPU
	EndGlobalSection
	GlobalSection(ProjectConfigurationPlatforms) = postSolution
		{2A59A678-25AE-4184-82AB-C154B0B246FF}.Debug|Any CPU.ActiveCfg = Debug|Any CPU
		{2A59A678-25AE-4184-82AB-C154B0B246FF}.Debug|Any CPU.Build.0 = Debug|Any CPU
		{2A59A678-25AE-4184-82AB-C154B0B246FF}.Release|Any CPU.ActiveCfg = Release|Any CPU
		{2A59A678-25AE-4184-82AB-C154B0B246FF}.Release|Any CPU.Build.0 = Release|Any CPU
	EndGlobalSection
	GlobalSection(SolutionProperties) = preSolution
		HideSolutionNode = FALSE
	EndGlobalSection
	GlobalSection(ExtensibilityGlobals) = postSolution
		SolutionGuid = {3B28C8F0-53F5-45EE-8F3C-A1E329B60666}
	EndGlobalSection
EndGlobal
